
Microsoft Visual Studio Solution File, Format Version 12.00
# Visual Studio Version 17
VisualStudioVersion = 17.2.32602.215
MinimumVisualStudioVersion = 10.0.40219.1
Project("{FAE04EC0-301F-11D3-BF4B-00C04F79EFBC}") = "Company.API", "Company.API\Company.API.csproj", "{BE4E7735-3BCC-4A60-91FB-02B44CEB6A50}"
EndProject
Global
	GlobalSection(SolutionConfigurationPlatforms) = preSolution
		Debug|Any CPU = Debug|Any CPU
		Release|Any CPU = Release|Any CPU
	EndGlobalSection
	GlobalSection(ProjectConfigurationPlatforms) = postSolution
		{BE4E7735-3BCC-4A60-91FB-02B44CEB6A50}.Debug|Any CPU.ActiveCfg = Debug|Any CPU
		{BE4E7735-3BCC-4A60-91FB-02B44CEB6A50}.Debug|Any CPU.Build.0 = Debug|Any CPU
		{BE4E7735-3BCC-4A60-91FB-02B44CEB6A50}.Release|Any CPU.ActiveCfg = Release|Any CPU
		{BE4E7735-3BCC-4A60-91FB-02B44CEB6A50}.Release|Any CPU.Build.0 = Release|Any CPU
	EndGlobalSection
	GlobalSection(SolutionProperties) = preSolution
		HideSolutionNode = FALSE
	EndGlobalSection
	GlobalSection(ExtensibilityGlobals) = postSolution
		SolutionGuid = {AADDA250-A9EA-41BB-8526-443CFB03ED9A}
	EndGlobalSection
EndGlobal
